
Microsoft Visual Studio Solution File, Format Version 12.00
# Visual Studio 15
VisualStudioVersion = 15.0.26730.16
MinimumVisualStudioVersion = 10.0.40219.1
Project("{8BC9CEB8-8B4A-11D0-8D11-00A0C91BC942}") = "InfP2Lab2.2", "InfP2Lab2.2\InfP2Lab2.2.vcxproj", "{95972BD0-C806-4CCE-B1C1-7318F751752B}"
EndProject
Global
	GlobalSection(SolutionConfigurationPlatforms) = preSolution
		Debug|x64 = Debug|x64
		Debug|x86 = Debug|x86
		Release|x64 = Release|x64
		Release|x86 = Release|x86
	EndGlobalSection
	GlobalSection(ProjectConfigurationPlatforms) = postSolution
		{95972BD0-C806-4CCE-B1C1-7318F751752B}.Debug|x64.ActiveCfg = Debug|x64
		{95972BD0-C806-4CCE-B1C1-7318F751752B}.Debug|x64.Build.0 = Debug|x64
		{95972BD0-C806-4CCE-B1C1-7318F751752B}.Debug|x86.ActiveCfg = Debug|Win32
		{95972BD0-C806-4CCE-B1C1-7318F751752B}.Debug|x86.Build.0 = Debug|Win32
		{95972BD0-C806-4CCE-B1C1-7318F751752B}.Release|x64.ActiveCfg = Release|x64
		{95972BD0-C806-4CCE-B1C1-7318F751752B}.Release|x64.Build.0 = Release|x64
		{95972BD0-C806-4CCE-B1C1-7318F751752B}.Release|x86.ActiveCfg = Release|Win32
		{95972BD0-C806-4CCE-B1C1-7318F751752B}.Release|x86.Build.0 = Release|Win32
	EndGlobalSection
	GlobalSection(SolutionProperties) = preSolution
		HideSolutionNode = FALSE
	EndGlobalSection
	GlobalSection(ExtensibilityGlobals) = postSolution
		SolutionGuid = {EDD321F6-9994-4FA8-BBB6-3EFC64B97225}
	EndGlobalSection
EndGlobal
